{
    "_readme": [
        "This file locks the dependencies of your project to a known state",
        "Read more about it at https://getcomposer.org/doc/01-basic-usage.md#composer-lock-the-lock-file",
        "This file is @generated automatically"
    ],
    "hash": "c023f7f1980a09762ef75090f3ed67b1",
    "content-hash": "ca8fd24e4eb3558ba5bbcefb9914c18c",
    "packages": [
        {
            "name": "bobertforever/oauth2-mlh",
            "version": "dev-master",
            "source": {
                "type": "git",
                "url": "https://github.com/BobertForever/oauth2-mlh.git",
                "reference": "a41eece441dd43a49737f064decbf0eb2383d604"
            },
            "dist": {
                "type": "zip",
                "url": "https://api.github.com/repos/BobertForever/oauth2-mlh/zipball/a41eece441dd43a49737f064decbf0eb2383d604",
                "reference": "a41eece441dd43a49737f064decbf0eb2383d604",
                "shasum": ""
            },
            "require": {
                "league/oauth2-client": "~1.0",
                "php": ">=5.5.0"
            },
            "type": "library",
            "autoload": {
                "psr-4": {
                    "League\\OAuth2\\Client\\": "src/"
                }
            },
            "notification-url": "https://packagist.org/downloads/",
            "license": [
                "MIT"
            ],
            "authors": [
                {
                    "name": "Robert Lynch",
                    "email": "robertlynch2012@gmail.com",
                    "homepage": "https://github.com/BobertForever"
                }
            ],
            "description": "My-MLH OAuth 2.0 Client Provider for The PHP League OAuth2-Client",
            "keywords": [
                "authorisation",
                "authorization",
                "client",
                "mh-mlh",
                "mlh",
                "oauth",
                "oauth2"
            ],
            "time": "2015-09-01 04:06:12"
        },
        {
            "name": "facebook/xhp-lib",
            "version": "2.2.4",
            "source": {
                "type": "git",
                "url": "https://github.com/facebook/xhp-lib.git",
                "reference": "8b770c8c0a7f59bbd7244a52d5044effa84ddf91"
            },
            "dist": {
                "type": "zip",
                "url": "https://api.github.com/repos/facebook/xhp-lib/zipball/8b770c8c0a7f59bbd7244a52d5044effa84ddf91",
                "reference": "8b770c8c0a7f59bbd7244a52d5044effa84ddf91",
                "shasum": ""
            },
            "require": {
                "hhvm": "~3.6"
            },
            "require-dev": {
                "91carriage/phpunit-hhi": "^5.1.0",
                "phpunit/phpunit": "^5.1.0"
            },
            "type": "library",
            "extra": {
                "branch-alias": {
                    "dev-master": "2.x-dev"
                }
            },
            "autoload": {
                "classmap": [
                    "src/"
                ]
            },
            "notification-url": "https://packagist.org/downloads/",
            "license": [
                "BSD-3-Clause"
            ],
            "description": "Class library for XHP",
            "homepage": "https://github.com/facebook/xhp-lib",
            "keywords": [
                "facebook",
                "hack",
                "hhvm",
                "xhp"
            ],
            "time": "2016-01-20 18:48:31"
        },
        {
            "name": "guzzle/guzzle",
            "version": "v3.9.3",
            "source": {
                "type": "git",
                "url": "https://github.com/guzzle/guzzle3.git",
                "reference": "0645b70d953bc1c067bbc8d5bc53194706b628d9"
            },
            "dist": {
                "type": "zip",
                "url": "https://api.github.com/repos/guzzle/guzzle3/zipball/0645b70d953bc1c067bbc8d5bc53194706b628d9",
                "reference": "0645b70d953bc1c067bbc8d5bc53194706b628d9",
                "shasum": ""
            },
            "require": {
                "ext-curl": "*",
                "php": ">=5.3.3",
                "symfony/event-dispatcher": "~2.1"
            },
            "replace": {
                "guzzle/batch": "self.version",
                "guzzle/cache": "self.version",
                "guzzle/common": "self.version",
                "guzzle/http": "self.version",
                "guzzle/inflection": "self.version",
                "guzzle/iterator": "self.version",
                "guzzle/log": "self.version",
                "guzzle/parser": "self.version",
                "guzzle/plugin": "self.version",
                "guzzle/plugin-async": "self.version",
                "guzzle/plugin-backoff": "self.version",
                "guzzle/plugin-cache": "self.version",
                "guzzle/plugin-cookie": "self.version",
                "guzzle/plugin-curlauth": "self.version",
                "guzzle/plugin-error-response": "self.version",
                "guzzle/plugin-history": "self.version",
                "guzzle/plugin-log": "self.version",
                "guzzle/plugin-md5": "self.version",
                "guzzle/plugin-mock": "self.version",
                "guzzle/plugin-oauth": "self.version",
                "guzzle/service": "self.version",
                "guzzle/stream": "self.version"
            },
            "require-dev": {
                "doctrine/cache": "~1.3",
                "monolog/monolog": "~1.0",
                "phpunit/phpunit": "3.7.*",
                "psr/log": "~1.0",
                "symfony/class-loader": "~2.1",
                "zendframework/zend-cache": "2.*,<2.3",
                "zendframework/zend-log": "2.*,<2.3"
            },
            "suggest": {
                "guzzlehttp/guzzle": "Guzzle 5 has moved to a new package name. The package you have installed, Guzzle 3, is deprecated."
            },
            "type": "library",
            "extra": {
                "branch-alias": {
                    "dev-master": "3.9-dev"
                }
            },
            "autoload": {
                "psr-0": {
                    "Guzzle": "src/",
                    "Guzzle\\Tests": "tests/"
                }
            },
            "notification-url": "https://packagist.org/downloads/",
            "license": [
                "MIT"
            ],
            "authors": [
                {
                    "name": "Michael Dowling",
                    "email": "mtdowling@gmail.com",
                    "homepage": "https://github.com/mtdowling"
                },
                {
                    "name": "Guzzle Community",
                    "homepage": "https://github.com/guzzle/guzzle/contributors"
                }
            ],
            "description": "PHP HTTP client. This library is deprecated in favor of https://packagist.org/packages/guzzlehttp/guzzle",
            "homepage": "http://guzzlephp.org/",
            "keywords": [
                "client",
                "curl",
                "framework",
                "http",
                "http client",
                "rest",
                "web service"
            ],
            "time": "2015-03-18 18:23:50"
        },
        {
            "name": "guzzlehttp/guzzle",
            "version": "6.1.1",
            "source": {
                "type": "git",
                "url": "https://github.com/guzzle/guzzle.git",
                "reference": "c6851d6e48f63b69357cbfa55bca116448140e0c"
            },
            "dist": {
                "type": "zip",
                "url": "https://api.github.com/repos/guzzle/guzzle/zipball/c6851d6e48f63b69357cbfa55bca116448140e0c",
                "reference": "c6851d6e48f63b69357cbfa55bca116448140e0c",
                "shasum": ""
            },
            "require": {
                "guzzlehttp/promises": "~1.0",
                "guzzlehttp/psr7": "~1.1",
                "php": ">=5.5.0"
            },
            "require-dev": {
                "ext-curl": "*",
                "phpunit/phpunit": "~4.0",
                "psr/log": "~1.0"
            },
            "type": "library",
            "extra": {
                "branch-alias": {
                    "dev-master": "6.1-dev"
                }
            },
            "autoload": {
                "files": [
                    "src/functions_include.php"
                ],
                "psr-4": {
                    "GuzzleHttp\\": "src/"
                }
            },
            "notification-url": "https://packagist.org/downloads/",
            "license": [
                "MIT"
            ],
            "authors": [
                {
                    "name": "Michael Dowling",
                    "email": "mtdowling@gmail.com",
                    "homepage": "https://github.com/mtdowling"
                }
            ],
            "description": "Guzzle is a PHP HTTP client library",
            "homepage": "http://guzzlephp.org/",
            "keywords": [
                "client",
                "curl",
                "framework",
                "http",
                "http client",
                "rest",
                "web service"
            ],
            "time": "2015-11-23 00:47:50"
        },
        {
            "name": "guzzlehttp/promises",
            "version": "1.0.3",
            "source": {
                "type": "git",
                "url": "https://github.com/guzzle/promises.git",
                "reference": "b1e1c0d55f8083c71eda2c28c12a228d708294ea"
            },
            "dist": {
                "type": "zip",
                "url": "https://api.github.com/repos/guzzle/promises/zipball/b1e1c0d55f8083c71eda2c28c12a228d708294ea",
                "reference": "b1e1c0d55f8083c71eda2c28c12a228d708294ea",
                "shasum": ""
            },
            "require": {
                "php": ">=5.5.0"
            },
            "require-dev": {
                "phpunit/phpunit": "~4.0"
            },
            "type": "library",
            "extra": {
                "branch-alias": {
                    "dev-master": "1.0-dev"
                }
            },
            "autoload": {
                "psr-4": {
                    "GuzzleHttp\\Promise\\": "src/"
                },
                "files": [
                    "src/functions_include.php"
                ]
            },
            "notification-url": "https://packagist.org/downloads/",
            "license": [
                "MIT"
            ],
            "authors": [
                {
                    "name": "Michael Dowling",
                    "email": "mtdowling@gmail.com",
                    "homepage": "https://github.com/mtdowling"
                }
            ],
            "description": "Guzzle promises library",
            "keywords": [
                "promise"
            ],
            "time": "2015-10-15 22:28:00"
        },
        {
            "name": "guzzlehttp/psr7",
            "version": "1.2.2",
            "source": {
                "type": "git",
                "url": "https://github.com/guzzle/psr7.git",
                "reference": "f5d04bdd2881ac89abde1fb78cc234bce24327bb"
            },
            "dist": {
                "type": "zip",
                "url": "https://api.github.com/repos/guzzle/psr7/zipball/f5d04bdd2881ac89abde1fb78cc234bce24327bb",
                "reference": "f5d04bdd2881ac89abde1fb78cc234bce24327bb",
                "shasum": ""
            },
            "require": {
                "php": ">=5.4.0",
                "psr/http-message": "~1.0"
            },
            "provide": {
                "psr/http-message-implementation": "1.0"
            },
            "require-dev": {
                "phpunit/phpunit": "~4.0"
            },
            "type": "library",
            "extra": {
                "branch-alias": {
                    "dev-master": "1.0-dev"
                }
            },
            "autoload": {
                "psr-4": {
                    "GuzzleHttp\\Psr7\\": "src/"
                },
                "files": [
                    "src/functions_include.php"
                ]
            },
            "notification-url": "https://packagist.org/downloads/",
            "license": [
                "MIT"
            ],
            "authors": [
                {
                    "name": "Michael Dowling",
                    "email": "mtdowling@gmail.com",
                    "homepage": "https://github.com/mtdowling"
                }
            ],
            "description": "PSR-7 message implementation",
            "keywords": [
                "http",
                "message",
                "stream",
                "uri"
            ],
            "time": "2016-01-23 01:23:02"
        },
        {
            "name": "hhvm/xhp-js",
            "version": "v1.0.0",
            "source": {
                "type": "git",
                "url": "https://github.com/hhvm/xhp-js.git",
                "reference": "ea7974b64876838231cd8eb36e348f3d28f94bfb"
            },
            "dist": {
                "type": "zip",
                "url": "https://api.github.com/repos/hhvm/xhp-js/zipball/ea7974b64876838231cd8eb36e348f3d28f94bfb",
                "reference": "ea7974b64876838231cd8eb36e348f3d28f94bfb",
                "shasum": ""
            },
            "require": {
                "facebook/xhp-lib": "~2.2.0"
            },
            "type": "library",
            "autoload": {
                "classmap": [
                    "src/"
                ]
            },
            "notification-url": "https://packagist.org/downloads/",
            "description": "Easily create JS controllers for XHP elements, and XHP wrappers for React elements",
            "time": "2015-07-09 16:48:17"
        },
        {
            "name": "ircmaxell/random-lib",
            "version": "v1.1.0",
            "source": {
                "type": "git",
                "url": "https://github.com/ircmaxell/RandomLib.git",
                "reference": "13efa4368bb2ac88bb3b1459b487d907de4dbf7c"
            },
            "dist": {
                "type": "zip",
                "url": "https://api.github.com/repos/ircmaxell/RandomLib/zipball/13efa4368bb2ac88bb3b1459b487d907de4dbf7c",
                "reference": "13efa4368bb2ac88bb3b1459b487d907de4dbf7c",
                "shasum": ""
            },
            "require": {
                "ircmaxell/security-lib": "1.0.*@dev",
                "php": ">=5.3.2"
            },
            "require-dev": {
                "mikey179/vfsstream": "1.1.*",
                "phpunit/phpunit": "3.7.*"
            },
            "type": "library",
            "extra": {
                "branch-alias": {
                    "dev-master": "1.0.x-dev"
                }
            },
            "autoload": {
                "psr-0": {
                    "RandomLib": "lib"
                }
            },
            "notification-url": "https://packagist.org/downloads/",
            "license": [
                "MIT"
            ],
            "authors": [
                {
                    "name": "Anthony Ferrara",
                    "email": "ircmaxell@ircmaxell.com",
                    "homepage": "http://blog.ircmaxell.com"
                }
            ],
            "description": "A Library For Generating Secure Random Numbers",
            "homepage": "https://github.com/ircmaxell/RandomLib",
            "keywords": [
                "cryptography",
                "random",
                "random-numbers",
                "random-strings"
            ],
            "time": "2015-01-15 16:31:45"
        },
        {
            "name": "ircmaxell/security-lib",
            "version": "1.0.0",
            "source": {
                "type": "git",
                "url": "https://github.com/ircmaxell/SecurityLib.git",
                "reference": "80934de3c482dcafb46b5756e59ebece082b6dc7"
            },
            "dist": {
                "type": "zip",
                "url": "https://api.github.com/repos/ircmaxell/SecurityLib/zipball/80934de3c482dcafb46b5756e59ebece082b6dc7",
                "reference": "80934de3c482dcafb46b5756e59ebece082b6dc7",
                "shasum": ""
            },
            "require": {
                "php": ">=5.3.2"
            },
            "require-dev": {
                "mikey179/vfsstream": "1.1.*"
            },
            "type": "library",
            "autoload": {
                "psr-0": {
                    "SecurityLib": "lib"
                }
            },
            "notification-url": "https://packagist.org/downloads/",
            "license": [
                "MIT"
            ],
            "authors": [
                {
                    "name": "Anthony Ferrara",
                    "email": "ircmaxell@ircmaxell.com",
                    "homepage": "http://blog.ircmaxell.com"
                }
            ],
            "description": "A Base Security Library",
            "homepage": "https://github.com/ircmaxell/PHP-SecurityLib",
            "time": "2013-04-30 18:00:34"
        },
        {
            "name": "keen-io/keen-io",
            "version": "2.5.4",
            "source": {
                "type": "git",
                "url": "https://github.com/keenlabs/KeenClient-PHP.git",
                "reference": "4461595a84e651f7d1a61f45e517161547be4db9"
            },
            "dist": {
                "type": "zip",
                "url": "https://api.github.com/repos/keenlabs/KeenClient-PHP/zipball/4461595a84e651f7d1a61f45e517161547be4db9",
                "reference": "4461595a84e651f7d1a61f45e517161547be4db9",
                "shasum": ""
            },
            "require": {
                "ext-mcrypt": "*",
                "guzzle/guzzle": "~3.7",
                "php": ">=5.3.3"
            },
            "require-dev": {
                "phpunit/phpunit": "~3.7.0"
            },
            "type": "library",
            "autoload": {
                "psr-4": {
                    "KeenIO\\": "src/"
                }
            },
            "notification-url": "https://packagist.org/downloads/",
            "license": [
                "MIT"
            ],
            "authors": [
                {
                    "name": "Michaël Gallego",
                    "email": "mic.gallego@gmail.com",
                    "homepage": "http://michaelgallego.fr"
                },
                {
                    "name": "Tom Anderson",
                    "email": "tom.h.anderson@gmail.com"
                },
                {
                    "name": "Keith Kirk",
                    "email": "keith@kmfk.io",
                    "homepage": "http://kmfk.io"
                }
            ],
            "description": "A PHP library for reporting events to the Keen IO API",
            "homepage": "http://keen.io",
            "keywords": [
                "analytics",
                "keen io"
            ],
            "time": "2015-06-24 20:57:51"
        },
        {
            "name": "league/oauth2-client",
            "version": "1.3.0",
            "source": {
                "type": "git",
                "url": "https://github.com/thephpleague/oauth2-client.git",
                "reference": "5e5c0bc5bd219515c8d8db8bcb61f19753101b7c"
            },
            "dist": {
                "type": "zip",
                "url": "https://api.github.com/repos/thephpleague/oauth2-client/zipball/5e5c0bc5bd219515c8d8db8bcb61f19753101b7c",
                "reference": "5e5c0bc5bd219515c8d8db8bcb61f19753101b7c",
                "shasum": ""
            },
            "require": {
                "ext-curl": "*",
                "guzzlehttp/guzzle": "~6.0",
                "ircmaxell/random-lib": "~1.1",
                "php": ">=5.5.0"
            },
            "require-dev": {
                "jakub-onderka/php-parallel-lint": "0.8.*",
                "mockery/mockery": "~0.9",
                "phpunit/phpunit": "~4.0",
                "satooshi/php-coveralls": "0.6.*",
                "squizlabs/php_codesniffer": "~2.0"
            },
            "type": "library",
            "extra": {
                "branch-alias": {
                    "dev-master": "1.0.x-dev"
                }
            },
            "autoload": {
                "psr-4": {
                    "League\\OAuth2\\Client\\": "src/"
                }
            },
            "notification-url": "https://packagist.org/downloads/",
            "license": [
                "MIT"
            ],
            "authors": [
                {
                    "name": "Alex Bilbie",
                    "email": "hello@alexbilbie.com",
                    "homepage": "http://www.alexbilbie.com",
                    "role": "Developer"
                }
            ],
            "description": "OAuth 2.0 Client Library",
            "keywords": [
                "Authentication",
                "SSO",
                "authorization",
                "identity",
                "idp",
                "oauth",
                "oauth2",
                "single sign on"
            ],
            "time": "2016-02-13 20:18:03"
        },
        {
            "name": "parse/php-sdk",
            "version": "1.1.10",
            "source": {
                "type": "git",
                "url": "https://github.com/ParsePlatform/parse-php-sdk.git",
                "reference": "6ec74ed193e608f74b3fee9187447d81de947236"
            },
            "dist": {
                "type": "zip",
                "url": "https://api.github.com/repos/ParsePlatform/parse-php-sdk/zipball/6ec74ed193e608f74b3fee9187447d81de947236",
                "reference": "6ec74ed193e608f74b3fee9187447d81de947236",
                "shasum": ""
            },
            "require": {
                "ext-curl": "*",
                "ext-json": "*",
                "php": ">=5.4.0"
            },
            "require-dev": {
                "phpdocumentor/phpdocumentor": "~2.5",
                "phpunit/phpunit": "~4.0",
                "squizlabs/php_codesniffer": "~1.5"
            },
            "type": "library",
            "extra": {
                "branch-alias": {
                    "dev-master": "1.1-dev"
                }
            },
            "autoload": {
                "psr-4": {
                    "Parse\\": "src/Parse/"
                }
            },
            "notification-url": "https://packagist.org/downloads/",
            "license": [
                "Parse Platform License"
            ],
            "authors": [
                {
                    "name": "Parse",
                    "homepage": "https://github.com/parseplatform/parse-php-sdk/contributors"
                }
            ],
            "description": "Parse PHP SDK",
            "homepage": "https://github.com/parseplatform/parse-php-sdk",
            "keywords": [
                "parse",
                "sdk"
            ],
            "time": "2016-01-25 19:05:20"
        },
        {
            "name": "psr/http-message",
            "version": "1.0",
            "source": {
                "type": "git",
                "url": "https://github.com/php-fig/http-message.git",
                "reference": "85d63699f0dbedb190bbd4b0d2b9dc707ea4c298"
            },
            "dist": {
                "type": "zip",
                "url": "https://api.github.com/repos/php-fig/http-message/zipball/85d63699f0dbedb190bbd4b0d2b9dc707ea4c298",
                "reference": "85d63699f0dbedb190bbd4b0d2b9dc707ea4c298",
                "shasum": ""
            },
            "require": {
                "php": ">=5.3.0"
            },
            "type": "library",
            "extra": {
                "branch-alias": {
                    "dev-master": "1.0.x-dev"
                }
            },
            "autoload": {
                "psr-4": {
                    "Psr\\Http\\Message\\": "src/"
                }
            },
            "notification-url": "https://packagist.org/downloads/",
            "license": [
                "MIT"
            ],
            "authors": [
                {
                    "name": "PHP-FIG",
                    "homepage": "http://www.php-fig.org/"
                }
            ],
            "description": "Common interface for HTTP messages",
            "keywords": [
                "http",
                "http-message",
                "psr",
                "psr-7",
                "request",
                "response"
            ],
            "time": "2015-05-04 20:22:00"
        },
        {
            "name": "sendgrid/sendgrid",
            "version": "3.2.0",
            "source": {
                "type": "git",
                "url": "https://github.com/sendgrid/sendgrid-php.git",
                "reference": "75970eb82f5629e66db4d6da08ff7ef0c507e9b0"
            },
            "dist": {
                "type": "zip",
                "url": "https://api.github.com/repos/sendgrid/sendgrid-php/zipball/75970eb82f5629e66db4d6da08ff7ef0c507e9b0",
                "reference": "75970eb82f5629e66db4d6da08ff7ef0c507e9b0",
                "shasum": ""
            },
            "require": {
                "guzzle/guzzle": "~3.9",
                "php": ">=5.3",
                "sendgrid/smtpapi": "~0.5"
            },
            "replace": {
                "sendgrid/sendgrid-php": "*"
            },
            "require-dev": {
                "mockery/mockery": "~0.9",
                "phpunit/phpunit": "~4.4",
                "vlucas/phpdotenv": "~1.0"
            },
            "type": "library",
            "autoload": {
                "psr-0": {
                    "SendGrid": "lib/"
                }
            },
            "notification-url": "https://packagist.org/downloads/",
            "license": [
                "MIT"
            ],
            "description": "This library allows you to quickly and easily send emails through SendGrid using PHP.",
            "homepage": "http://github.com/sendgrid/sendgrid-php",
            "keywords": [
                "email",
                "grid",
                "send",
                "sendgrid"
            ],
            "time": "2015-05-13 16:58:46"
        },
        {
            "name": "sendgrid/smtpapi",
            "version": "0.5.0",
            "source": {
                "type": "git",
                "url": "https://github.com/sendgrid/smtpapi-php.git",
                "reference": "05ccf57bad5d1524e479b6dc0a2dfade88b3fbe5"
            },
            "dist": {
                "type": "zip",
                "url": "https://api.github.com/repos/sendgrid/smtpapi-php/zipball/05ccf57bad5d1524e479b6dc0a2dfade88b3fbe5",
                "reference": "05ccf57bad5d1524e479b6dc0a2dfade88b3fbe5",
                "shasum": ""
            },
            "require": {
                "php": ">=5.3"
            },
            "replace": {
                "sendgrid/smtpapi-php": "*"
            },
            "require-dev": {
                "phpunit/phpunit": "3.7.*"
            },
            "type": "library",
            "autoload": {
                "psr-0": {
                    "Smtpapi": "lib/"
                }
            },
            "notification-url": "https://packagist.org/downloads/",
            "license": [
                "MIT"
            ],
            "description": "Build SendGrid X-SMTPAPI headers in PHP.",
            "homepage": "http://github.com/sendgrid/smtpapi-php",
            "keywords": [
                "X-SMTP",
                "api",
                "email",
                "grid",
                "send",
                "sendgrid",
                "smtp",
                "smtpapi",
                "xsmtp"
            ],
            "time": "2015-04-14 02:37:45"
        },
        {
            "name": "sergeytsalkov/meekrodb",
            "version": "v2.3",
            "source": {
                "type": "git",
                "url": "https://github.com/SergeyTsalkov/meekrodb.git",
                "reference": "eb36858f1aff94ae1665900e681a1cfb78563ee1"
            },
            "dist": {
                "type": "zip",
                "url": "https://api.github.com/repos/SergeyTsalkov/meekrodb/zipball/eb36858f1aff94ae1665900e681a1cfb78563ee1",
                "reference": "eb36858f1aff94ae1665900e681a1cfb78563ee1",
                "shasum": ""
            },
            "require": {
                "php": ">=5.2.0"
            },
            "type": "library",
            "autoload": {
                "classmap": [
                    "db.class.php"
                ]
            },
            "notification-url": "https://packagist.org/downloads/",
            "license": [
                "LGPL-3.0"
            ],
            "authors": [
                {
                    "name": "Sergey Tsalkov",
                    "email": "stsalkov@gmail.com"
                }
            ],
            "description": "The Simple PHP/MySQL Library",
            "homepage": "http://www.meekro.com",
            "keywords": [
                "database",
                "mysql",
                "mysqli",
                "pdo"
            ],
            "time": "2014-06-16 22:40:22"
        },
        {
            "name": "symfony/event-dispatcher",
            "version": "v2.8.2",
            "source": {
                "type": "git",
                "url": "https://github.com/symfony/event-dispatcher.git",
                "reference": "ee278f7c851533e58ca307f66305ccb9188aceda"
            },
            "dist": {
                "type": "zip",
                "url": "https://api.github.com/repos/symfony/event-dispatcher/zipball/ee278f7c851533e58ca307f66305ccb9188aceda",
                "reference": "ee278f7c851533e58ca307f66305ccb9188aceda",
                "shasum": ""
            },
            "require": {
                "php": ">=5.3.9"
            },
            "require-dev": {
                "psr/log": "~1.0",
                "symfony/config": "~2.0,>=2.0.5|~3.0.0",
                "symfony/dependency-injection": "~2.6|~3.0.0",
                "symfony/expression-language": "~2.6|~3.0.0",
                "symfony/stopwatch": "~2.3|~3.0.0"
            },
            "suggest": {
                "symfony/dependency-injection": "",
                "symfony/http-kernel": ""
            },
            "type": "library",
            "extra": {
                "branch-alias": {
                    "dev-master": "2.8-dev"
                }
            },
            "autoload": {
                "psr-4": {
                    "Symfony\\Component\\EventDispatcher\\": ""
                },
                "exclude-from-classmap": [
                    "/Tests/"
                ]
            },
            "notification-url": "https://packagist.org/downloads/",
            "license": [
                "MIT"
            ],
            "authors": [
                {
                    "name": "Fabien Potencier",
                    "email": "fabien@symfony.com"
                },
                {
                    "name": "Symfony Community",
                    "homepage": "https://symfony.com/contributors"
                }
            ],
            "description": "Symfony EventDispatcher Component",
            "homepage": "https://symfony.com",
            "time": "2016-01-13 10:28:07"
        }
    ],
    "packages-dev": [
        {
            "name": "codegyre/robo",
            "version": "0.6.0",
            "source": {
                "type": "git",
                "url": "https://github.com/Codegyre/Robo.git",
                "reference": "d18185f0494c854d36aa5ee0ad931ee23bbef552"
            },
            "dist": {
                "type": "zip",
                "url": "https://api.github.com/repos/Codegyre/Robo/zipball/d18185f0494c854d36aa5ee0ad931ee23bbef552",
                "reference": "d18185f0494c854d36aa5ee0ad931ee23bbef552",
                "shasum": ""
            },
            "require": {
                "henrikbjorn/lurker": "1.0.*@dev",
                "php": ">=5.4.0",
                "symfony/console": "~2.5",
                "symfony/filesystem": "~2.5",
                "symfony/finder": "~2.5",
                "symfony/process": "~2.5"
            },
            "require-dev": {
                "codeception/aspect-mock": "0.5.*",
                "codeception/base": "~2.1",
                "codeception/codeception": "2.1",
                "codeception/verify": "0.2.*",
                "natxet/cssmin": "~3.0",
                "patchwork/jsqueeze": "~1.0"
            },
            "bin": [
                "robo"
            ],
            "type": "library",
            "autoload": {
                "psr-4": {
                    "Robo\\": "src"
                }
            },
            "notification-url": "https://packagist.org/downloads/",
            "license": [
                "MIT"
            ],
            "authors": [
                {
                    "name": "Davert",
                    "email": "davert.php@resend.cc"
                }
            ],
            "description": "Modern task runner",
            "time": "2015-10-30 11:29:52"
        },
        {
            "name": "facebook/hack-codegen",
            "version": "v1.1.3",
            "source": {
                "type": "git",
                "url": "https://github.com/facebook/hack-codegen.git",
                "reference": "aa7af566faa123b1ab39dd168d40890e2af7fe31"
            },
            "dist": {
                "type": "zip",
                "url": "https://api.github.com/repos/facebook/hack-codegen/zipball/aa7af566faa123b1ab39dd168d40890e2af7fe31",
                "reference": "aa7af566faa123b1ab39dd168d40890e2af7fe31",
                "shasum": ""
            },
            "require": {
                "hhvm": "*"
            },
            "type": "library",
            "autoload": {
                "files": [
                    "lib/utils.php",
                    "lib/Str.php",
                    "lib/StrBuffer.php",
                    "lib/Filesystem.php",
                    "src/SignedSourceBase.php",
                    "src/SignedSource.php",
                    "src/PartiallyGeneratedSignedSource.php",
                    "src/PartiallyGeneratedCode.php",
                    "src/HackBuilderKeys.php",
                    "src/HackBuilderValues.php",
                    "src/IHackCodegenConfig.php",
                    "src/HackCodegenConfig.php",
                    "src/CodegenWithVisibility.php",
                    "src/ICodeBuilderRenderer.php",
                    "src/ICodeBuilder.php",
                    "src/HackBuilderRenderer.php",
                    "src/BaseCodeBuilder.php",
                    "src/HackBuilder.php",
                    "src/ICodegenFormatter.php",
                    "src/CodegenClassBase.php",
                    "src/CodegenClass.php",
                    "src/CodegenFunctionBase.php",
                    "src/CodegenMethodBase.php",
                    "src/CodegenConstructor.php",
                    "src/CodegenEnum.php",
                    "src/CodegenFile.php",
                    "src/CodegenFunction.php",
                    "src/CodegenGeneratedFrom.php",
                    "src/CodegenImplementsInterface.php",
                    "src/CodegenInterface.php",
                    "src/CodegenMemberVar.php",
                    "src/CodegenMethod.php",
                    "src/CodegenShape.php",
                    "src/CodegenTrait.php",
                    "src/CodegenType.php",
                    "src/CodegenUsesTrait.php"
                ]
            },
            "notification-url": "https://packagist.org/downloads/",
            "authors": [
                {
                    "name": "Drew Hoskins",
                    "role": "Developer"
                },
                {
                    "name": "Gaurav Kumar",
                    "role": "Developer"
                },
                {
                    "name": "Alejandro Marcu",
                    "role": "Developer"
                },
                {
                    "name": "Matthieu Martin",
                    "role": "Developer"
                }
            ],
            "description": "Hack Codegen is a library for programatically generating Hack code",
            "keywords": [
                "code generation",
                "hack"
            ],
            "time": "2016-01-25 21:06:57"
        },
        {
            "name": "henrikbjorn/lurker",
            "version": "1.0.0",
            "source": {
                "type": "git",
                "url": "https://github.com/flint/Lurker.git",
                "reference": "a020d45b3bc37810aeafe27343c51af8a74c9419"
            },
            "dist": {
                "type": "zip",
                "url": "https://api.github.com/repos/flint/Lurker/zipball/a020d45b3bc37810aeafe27343c51af8a74c9419",
                "reference": "a020d45b3bc37810aeafe27343c51af8a74c9419",
                "shasum": ""
            },
            "require": {
                "php": ">=5.3.3",
                "symfony/config": "~2.2",
                "symfony/event-dispatcher": "~2.2"
            },
            "suggest": {
                "ext-inotify": ">=0.1.6"
            },
            "type": "library",
            "extra": {
                "branch-alias": {
                    "dev-master": "1.0.x-dev"
                }
            },
            "autoload": {
                "psr-0": {
                    "Lurker": "src"
                }
            },
            "notification-url": "https://packagist.org/downloads/",
            "license": [
                "MIT"
            ],
            "authors": [
                {
                    "name": "Henrik Bjornskov",
                    "email": "henrik@bjrnskov.dk",
                    "homepage": "http://henrik.bjrnskov.dk"
                },
                {
                    "name": "Konstantin Kudryashov",
                    "email": "ever.zet@gmail.com",
                    "homepage": "http://everzet.com"
                },
                {
                    "name": "Yaroslav Kiliba",
                    "email": "om.dattaya@gmail.com"
                }
            ],
            "description": "Resource Watcher.",
            "keywords": [
                "filesystem",
                "resource",
                "watching"
            ],
            "time": "2013-05-24 06:47:29"
        },
        {
            "name": "symfony/config",
            "version": "v2.8.2",
            "source": {
                "type": "git",
                "url": "https://github.com/symfony/config.git",
                "reference": "41ee6c70758f40fa1dbf90d019ae0a66c4a09e74"
            },
            "dist": {
                "type": "zip",
                "url": "https://api.github.com/repos/symfony/config/zipball/41ee6c70758f40fa1dbf90d019ae0a66c4a09e74",
                "reference": "41ee6c70758f40fa1dbf90d019ae0a66c4a09e74",
                "shasum": ""
            },
            "require": {
                "php": ">=5.3.9",
                "symfony/filesystem": "~2.3|~3.0.0"
            },
            "type": "library",
            "extra": {
                "branch-alias": {
                    "dev-master": "2.8-dev"
                }
            },
            "autoload": {
                "psr-4": {
                    "Symfony\\Component\\Config\\": ""
                },
                "exclude-from-classmap": [
                    "/Tests/"
                ]
            },
            "notification-url": "https://packagist.org/downloads/",
            "license": [
                "MIT"
            ],
            "authors": [
                {
                    "name": "Fabien Potencier",
                    "email": "fabien@symfony.com"
                },
                {
                    "name": "Symfony Community",
                    "homepage": "https://symfony.com/contributors"
                }
            ],
            "description": "Symfony Config Component",
            "homepage": "https://symfony.com",
            "time": "2016-01-03 15:33:41"
        },
        {
            "name": "symfony/console",
            "version": "v2.8.2",
            "source": {
                "type": "git",
                "url": "https://github.com/symfony/console.git",
                "reference": "d0239fb42f98dd02e7d342f793c5d2cdee0c478d"
            },
            "dist": {
                "type": "zip",
                "url": "https://api.github.com/repos/symfony/console/zipball/d0239fb42f98dd02e7d342f793c5d2cdee0c478d",
                "reference": "d0239fb42f98dd02e7d342f793c5d2cdee0c478d",
                "shasum": ""
            },
            "require": {
                "php": ">=5.3.9",
                "symfony/polyfill-mbstring": "~1.0"
            },
            "require-dev": {
                "psr/log": "~1.0",
                "symfony/event-dispatcher": "~2.1|~3.0.0",
                "symfony/process": "~2.1|~3.0.0"
            },
            "suggest": {
                "psr/log": "For using the console logger",
                "symfony/event-dispatcher": "",
                "symfony/process": ""
            },
            "type": "library",
            "extra": {
                "branch-alias": {
                    "dev-master": "2.8-dev"
                }
            },
            "autoload": {
                "psr-4": {
                    "Symfony\\Component\\Console\\": ""
                },
                "exclude-from-classmap": [
                    "/Tests/"
                ]
            },
            "notification-url": "https://packagist.org/downloads/",
            "license": [
                "MIT"
            ],
            "authors": [
                {
                    "name": "Fabien Potencier",
                    "email": "fabien@symfony.com"
                },
                {
                    "name": "Symfony Community",
                    "homepage": "https://symfony.com/contributors"
                }
            ],
            "description": "Symfony Console Component",
            "homepage": "https://symfony.com",
            "time": "2016-01-14 08:33:16"
        },
        {
            "name": "symfony/filesystem",
            "version": "v2.8.2",
            "source": {
                "type": "git",
                "url": "https://github.com/symfony/filesystem.git",
                "reference": "637b64d0ee10f44ae98dbad651b1ecdf35a11e8c"
            },
            "dist": {
                "type": "zip",
                "url": "https://api.github.com/repos/symfony/filesystem/zipball/637b64d0ee10f44ae98dbad651b1ecdf35a11e8c",
                "reference": "637b64d0ee10f44ae98dbad651b1ecdf35a11e8c",
                "shasum": ""
            },
            "require": {
                "php": ">=5.3.9"
            },
            "type": "library",
            "extra": {
                "branch-alias": {
                    "dev-master": "2.8-dev"
                }
            },
            "autoload": {
                "psr-4": {
                    "Symfony\\Component\\Filesystem\\": ""
                },
                "exclude-from-classmap": [
                    "/Tests/"
                ]
            },
            "notification-url": "https://packagist.org/downloads/",
            "license": [
                "MIT"
            ],
            "authors": [
                {
                    "name": "Fabien Potencier",
                    "email": "fabien@symfony.com"
                },
                {
                    "name": "Symfony Community",
                    "homepage": "https://symfony.com/contributors"
                }
            ],
            "description": "Symfony Filesystem Component",
            "homepage": "https://symfony.com",
            "time": "2016-01-13 10:28:07"
        },
        {
            "name": "symfony/finder",
            "version": "v2.8.2",
            "source": {
                "type": "git",
                "url": "https://github.com/symfony/finder.git",
                "reference": "c90fabdd97e431ee19b6383999cf35334dff27da"
            },
            "dist": {
                "type": "zip",
                "url": "https://api.github.com/repos/symfony/finder/zipball/c90fabdd97e431ee19b6383999cf35334dff27da",
                "reference": "c90fabdd97e431ee19b6383999cf35334dff27da",
                "shasum": ""
            },
            "require": {
                "php": ">=5.3.9"
            },
            "type": "library",
            "extra": {
                "branch-alias": {
                    "dev-master": "2.8-dev"
                }
            },
            "autoload": {
                "psr-4": {
                    "Symfony\\Component\\Finder\\": ""
                },
                "exclude-from-classmap": [
                    "/Tests/"
                ]
            },
            "notification-url": "https://packagist.org/downloads/",
            "license": [
                "MIT"
            ],
            "authors": [
                {
                    "name": "Fabien Potencier",
                    "email": "fabien@symfony.com"
                },
                {
                    "name": "Symfony Community",
                    "homepage": "https://symfony.com/contributors"
                }
            ],
            "description": "Symfony Finder Component",
            "homepage": "https://symfony.com",
            "time": "2016-01-14 08:26:52"
        },
        {
            "name": "symfony/polyfill-mbstring",
            "version": "v1.1.0",
            "source": {
                "type": "git",
                "url": "https://github.com/symfony/polyfill-mbstring.git",
                "reference": "1289d16209491b584839022f29257ad859b8532d"
            },
            "dist": {
                "type": "zip",
                "url": "https://api.github.com/repos/symfony/polyfill-mbstring/zipball/1289d16209491b584839022f29257ad859b8532d",
                "reference": "1289d16209491b584839022f29257ad859b8532d",
                "shasum": ""
            },
            "require": {
                "php": ">=5.3.3"
            },
            "suggest": {
                "ext-mbstring": "For best performance"
            },
            "type": "library",
            "extra": {
                "branch-alias": {
                    "dev-master": "1.1-dev"
                }
            },
            "autoload": {
                "psr-4": {
                    "Symfony\\Polyfill\\Mbstring\\": ""
                },
                "files": [
                    "bootstrap.php"
                ]
            },
            "notification-url": "https://packagist.org/downloads/",
            "license": [
                "MIT"
            ],
            "authors": [
                {
                    "name": "Nicolas Grekas",
                    "email": "p@tchwork.com"
                },
                {
                    "name": "Symfony Community",
                    "homepage": "https://symfony.com/contributors"
                }
            ],
            "description": "Symfony polyfill for the Mbstring extension",
            "homepage": "https://symfony.com",
            "keywords": [
                "compatibility",
                "mbstring",
                "polyfill",
                "portable",
                "shim"
            ],
            "time": "2016-01-20 09:13:37"
        },
        {
            "name": "symfony/process",
            "version": "v2.8.2",
            "source": {
                "type": "git",
                "url": "https://github.com/symfony/process.git",
                "reference": "6f1979c3b0f4c22c77a8a8971afaa7dd07f082ac"
            },
            "dist": {
                "type": "zip",
                "url": "https://api.github.com/repos/symfony/process/zipball/6f1979c3b0f4c22c77a8a8971afaa7dd07f082ac",
                "reference": "6f1979c3b0f4c22c77a8a8971afaa7dd07f082ac",
                "shasum": ""
            },
            "require": {
                "php": ">=5.3.9"
            },
            "type": "library",
            "extra": {
                "branch-alias": {
                    "dev-master": "2.8-dev"
                }
            },
            "autoload": {
                "psr-4": {
                    "Symfony\\Component\\Process\\": ""
                },
                "exclude-from-classmap": [
                    "/Tests/"
                ]
            },
            "notification-url": "https://packagist.org/downloads/",
            "license": [
                "MIT"
            ],
            "authors": [
                {
                    "name": "Fabien Potencier",
                    "email": "fabien@symfony.com"
                },
                {
                    "name": "Symfony Community",
                    "homepage": "https://symfony.com/contributors"
                }
            ],
            "description": "Symfony Process Component",
            "homepage": "https://symfony.com",
            "time": "2016-01-06 09:59:23"
        }
    ],
    "aliases": [],
    "minimum-stability": "stable",
    "stability-flags": {
        "bobertforever/oauth2-mlh": 20
    },
    "prefer-stable": false,
    "prefer-lowest": false,
    "platform": [],
    "platform-dev": []
}
